
Microsoft Visual Studio Solution File, Format Version 12.00
# Visual Studio Version 17
VisualStudioVersion = 17.1.32210.238
MinimumVisualStudioVersion = 10.0.40219.1
Project("{9A19103F-16F7-4668-BE54-9A1E7A4F7556}") = "VCDRTest", "VCDRTest\VCDRTest.csproj", "{1CCAC58E-CA06-4898-A25C-FB1C8C7A97C1}"
EndProject
Project("{9A19103F-16F7-4668-BE54-9A1E7A4F7556}") = "VMware.VCDRService", "VMware.VCDRService\VMware.VCDRService.csproj", "{D73655B3-B9BB-4A8F-B986-06DA56381F2E}"
EndProject
Project("{FAE04EC0-301F-11D3-BF4B-00C04F79EFBC}") = "VMware.VCDRService_legacy", "VMware.VCDRService_legacy\VMware.VCDRService_legacy.csproj", "{48BBA63A-2672-44F7-B60D-350FAF424BD9}"
EndProject
Global
	GlobalSection(SolutionConfigurationPlatforms) = preSolution
		Debug|Any CPU = Debug|Any CPU
		Release|Any CPU = Release|Any CPU
	EndGlobalSection
	GlobalSection(ProjectConfigurationPlatforms) = postSolution
		{1CCAC58E-CA06-4898-A25C-FB1C8C7A97C1}.Debug|Any CPU.ActiveCfg = Debug|Any CPU
		{1CCAC58E-CA06-4898-A25C-FB1C8C7A97C1}.Debug|Any CPU.Build.0 = Debug|Any CPU
		{1CCAC58E-CA06-4898-A25C-FB1C8C7A97C1}.Release|Any CPU.ActiveCfg = Release|Any CPU
		{1CCAC58E-CA06-4898-A25C-FB1C8C7A97C1}.Release|Any CPU.Build.0 = Release|Any CPU
		{D73655B3-B9BB-4A8F-B986-06DA56381F2E}.Debug|Any CPU.ActiveCfg = Debug|Any CPU
		{D73655B3-B9BB-4A8F-B986-06DA56381F2E}.Debug|Any CPU.Build.0 = Debug|Any CPU
		{D73655B3-B9BB-4A8F-B986-06DA56381F2E}.Release|Any CPU.ActiveCfg = Release|Any CPU
		{D73655B3-B9BB-4A8F-B986-06DA56381F2E}.Release|Any CPU.Build.0 = Release|Any CPU
		{48BBA63A-2672-44F7-B60D-350FAF424BD9}.Debug|Any CPU.ActiveCfg = Debug|Any CPU
		{48BBA63A-2672-44F7-B60D-350FAF424BD9}.Debug|Any CPU.Build.0 = Debug|Any CPU
		{48BBA63A-2672-44F7-B60D-350FAF424BD9}.Release|Any CPU.ActiveCfg = Release|Any CPU
		{48BBA63A-2672-44F7-B60D-350FAF424BD9}.Release|Any CPU.Build.0 = Release|Any CPU
	EndGlobalSection
	GlobalSection(SolutionProperties) = preSolution
		HideSolutionNode = FALSE
	EndGlobalSection
	GlobalSection(ExtensibilityGlobals) = postSolution
		SolutionGuid = {D205A353-80B8-4BCF-B56D-EDFFB56C5340}
	EndGlobalSection
EndGlobal
